github.com/nwoik/generate-mii v1.3.2 h1:7RZ+ApOAAEBOTmXarVq+WiT4LfW+9Ev5U2ZyAcAZUCA=
github.com/nwoik/generate-mii v1.3.2/go.mod h1:H+PQlLlJH1JWBad0YOminyS4GQbza2hNAhyy0PpHwmw=
github.com/nwoik/limitless-types v1.0.0 h1:LYloddNuIbdmoSY3AaLU2cBk7DHbhxGB/P1TLuRlTSA=
github.com/nwoik/limitless-types v1.0.0/go.mod h1:M6xZG588N0KMa6i8YfbPhwfch+cTNHu54J0zTK8mf0o=
